# THIS IS AN AUTOGENERATED FILE. DO NOT EDIT THIS FILE DIRECTLY.
# yarn lockfile v1


co@4.6.0:
  version "4.6.0"
  resolved "https://registry.yarnpkg.com/co/-/co-4.6.0.tgz#6ea6bdf3d853ae54ccb8e47bfa0bf3f9031fb184"
  integrity sha1-bqa989hTrlTMuOR7+gvz+QMfsYQ=

fast-decode-uri-component@^1.0.0:
  version "1.0.0"
  resolved "https://registry.yarnpkg.com/fast-decode-uri-component/-/fast-decode-uri-component-1.0.0.tgz#7ce10336aa4b26286fee93d71e6785ff0f596a33"
  integrity sha512-WQSYVKn6tDW/3htASeUkrx5LcnuTENQIZQPCVlwdnvIJ7bYtSpoJYq38MgUJnx1CQIR1gjZ8HJxAEcN4gqugBg==

find-my-way@^2.2.5:
  version "2.2.5"
  resolved "https://registry.yarnpkg.com/find-my-way/-/find-my-way-2.2.5.tgz#86ce825266fa28cd962e538a45ec2aaa84c3d514"
  integrity sha512-GjRZZlGcGmTh9t+6Xrj5K0YprpoAFCAiCPgmAH9Kb09O4oX6hYuckDfnDipYj+Q7B1GtYWSzDI5HEecNYscLQg==
  dependencies:
    fast-decode-uri-component "^1.0.0"
    safe-regex2 "^2.0.0"
    semver-store "^0.3.0"

mithril-node-render@^2.3.1:
  version "2.3.1"
  resolved "https://registry.yarnpkg.com/mithril-node-render/-/mithril-node-render-2.3.1.tgz#b3f6042f5170eddebdfddcc69221a527f34a263b"
  integrity sha512-WKM/s1+Xc45eYirvNlRYDJ1ZyY9FtzNTvcq18p0qlJ7c5Z2noCLgOb3aNhK0dtUAB+4+2xRCP5kkPLAnNDsXnQ==
  dependencies:
    co "4.6.0"

mithril@^2.0.1:
  version "2.0.1"
  resolved "https://registry.yarnpkg.com/mithril/-/mithril-2.0.1.tgz#3454fb7ed228403b91a02f5acc0f810d4bb403ca"
  integrity sha512-LlfCnWwrnjBUL9cMJaffacB7mKgIl7QbMyJpO0+/vPKHrcq6yTKYR0DlSfDfBDYXi9+l+DZ5yYhgq/QFOtXkjg==

ret@~0.2.0:
  version "0.2.2"
  resolved "https://registry.yarnpkg.com/ret/-/ret-0.2.2.tgz#b6861782a1f4762dce43402a71eb7a283f44573c"
  integrity sha512-M0b3YWQs7R3Z917WRQy1HHA7Ba7D8hvZg6UE5mLykJxQVE2ju0IXbGlaHPPlkY+WN7wFP+wUMXmBFA0aV6vYGQ==

safe-regex2@^2.0.0:
  version "2.0.0"
  resolved "https://registry.yarnpkg.com/safe-regex2/-/safe-regex2-2.0.0.tgz#b287524c397c7a2994470367e0185e1916b1f5b9"
  integrity sha512-PaUSFsUaNNuKwkBijoAPHAK6/eM6VirvyPWlZ7BAQy4D+hCvh4B6lIG+nPdhbFfIbP+gTGBcrdsOaUs0F+ZBOQ==
  dependencies:
    ret "~0.2.0"

semver-store@^0.3.0:
  version "0.3.0"
  resolved "https://registry.yarnpkg.com/semver-store/-/semver-store-0.3.0.tgz#ce602ff07df37080ec9f4fb40b29576547befbe9"
  integrity sha512-TcZvGMMy9vodEFSse30lWinkj+JgOBvPn8wRItpQRSayhc+4ssDs335uklkfvQQJgL/WvmHLVj4Ycv2s7QCQMg==
