# THIS IS AN AUTOGENERATED FILE. DO NOT EDIT THIS FILE DIRECTLY.
# yarn lockfile v1


co@4.6.0:
  version "4.6.0"
  resolved "https://registry.yarnpkg.com/co/-/co-4.6.0.tgz#6ea6bdf3d853ae54ccb8e47bfa0bf3f9031fb184"
  integrity sha1-bqa989hTrlTMuOR7+gvz+QMfsYQ=

fast-decode-uri-component@^1.0.0:
  version "1.0.0"
  resolved "https://registry.yarnpkg.com/fast-decode-uri-component/-/fast-decode-uri-component-1.0.0.tgz#7ce10336aa4b26286fee93d71e6785ff0f596a33"
  integrity sha512-WQSYVKn6tDW/3htASeUkrx5LcnuTENQIZQPCVlwdnvIJ7bYtSpoJYq38MgUJnx1CQIR1gjZ8HJxAEcN4gqugBg==

find-my-way@^1.15.4:
  version "1.15.4"
  resolved "https://registry.yarnpkg.com/find-my-way/-/find-my-way-1.15.4.tgz#3b1da909347022e0b5ed94ecaaabf6d99096edd6"
  integrity sha512-3XPCOhoGMPK6ELgUHd5BuNxsL+fTNM0EIrTlcLwjT2uZq22UHL4IQt5N54PIQblk164ioZATRov9mcuA4RB3eA==
  dependencies:
    fast-decode-uri-component "^1.0.0"
    safe-regex "^1.1.0"
    semver-store "^0.3.0"

mithril-node-render@^2.3.1:
  version "2.3.1"
  resolved "https://registry.yarnpkg.com/mithril-node-render/-/mithril-node-render-2.3.1.tgz#b3f6042f5170eddebdfddcc69221a527f34a263b"
  integrity sha512-WKM/s1+Xc45eYirvNlRYDJ1ZyY9FtzNTvcq18p0qlJ7c5Z2noCLgOb3aNhK0dtUAB+4+2xRCP5kkPLAnNDsXnQ==
  dependencies:
    co "4.6.0"

mithril@^2.0.1:
  version "2.0.1"
  resolved "https://registry.yarnpkg.com/mithril/-/mithril-2.0.1.tgz#3454fb7ed228403b91a02f5acc0f810d4bb403ca"
  integrity sha512-LlfCnWwrnjBUL9cMJaffacB7mKgIl7QbMyJpO0+/vPKHrcq6yTKYR0DlSfDfBDYXi9+l+DZ5yYhgq/QFOtXkjg==

ret@~0.1.10:
  version "0.1.15"
  resolved "https://registry.yarnpkg.com/ret/-/ret-0.1.15.tgz#b8a4825d5bdb1fc3f6f53c2bc33f81388681c7bc"
  integrity sha512-TTlYpa+OL+vMMNG24xSlQGEJ3B/RzEfUlLct7b5G/ytav+wPrplCpVMFuwzXbkecJrb6IYo1iFb0S9v37754mg==

safe-regex@^1.1.0:
  version "1.1.0"
  resolved "https://registry.yarnpkg.com/safe-regex/-/safe-regex-1.1.0.tgz#40a3669f3b077d1e943d44629e157dd48023bf2e"
  integrity sha1-QKNmnzsHfR6UPURinhV91IAjvy4=
  dependencies:
    ret "~0.1.10"

semver-store@^0.3.0:
  version "0.3.0"
  resolved "https://registry.yarnpkg.com/semver-store/-/semver-store-0.3.0.tgz#ce602ff07df37080ec9f4fb40b29576547befbe9"
  integrity sha512-TcZvGMMy9vodEFSse30lWinkj+JgOBvPn8wRItpQRSayhc+4ssDs335uklkfvQQJgL/WvmHLVj4Ycv2s7QCQMg==
